// !$*UTF8*$!
{
	archiveVersion = 1;
	classes = {
	};
	objectVersion = 46;
	objects = {

/* Begin PBXBuildFile section */
		4C7A88471C85673E00E77EAB /* main.m in Sources */ = {isa = PBXBuildFile; fileRef = 4C7A88461C85673E00E77EAB /* main.m */; };
		4C7A884A1C85673E00E77EAB /* AppDelegate.m in Sources */ = {isa = PBXBuildFile; fileRef = 4C7A88491C85673E00E77EAB /* AppDelegate.m */; };
		4C7A884D1C85673E00E77EAB /* ViewController.m in Sources */ = {isa = PBXBuildFile; fileRef = 4C7A884C1C85673E00E77EAB /* ViewController.m */; };
		4C7A88501C85673E00E77EAB /* Main.storyboard in Resources */ = {isa = PBXBuildFile; fileRef = 4C7A884E1C85673E00E77EAB /* Main.storyboard */; };
		4C7A88521C85673E00E77EAB /* Assets.xcassets in Resources */ = {isa = PBXBuildFile; fileRef = 4C7A88511C85673E00E77EAB /* Assets.xcassets */; };
		4C7A88551C85673E00E77EAB /* LaunchScreen.storyboard in Resources */ = {isa = PBXBuildFile; fileRef = 4C7A88531C85673E00E77EAB /* LaunchScreen.storyboard */; };
		4C7A885E1C85678500E77EAB /* ScaleLoadingView.m in Sources */ = {isa = PBXBuildFile; fileRef = 4C7A885D1C85678500E77EAB /* ScaleLoadingView.m */; };
		4C7A88611C8567A000E77EAB /* CustomShapeLayer.m in Sources */ = {isa = PBXBuildFile; fileRef = 4C7A88601C8567A000E77EAB /* CustomShapeLayer.m */; };
		4C7A88641C85701C00E77EAB /* DurModel.m in Sources */ = {isa = PBXBuildFile; fileRef = 4C7A88631C85701C00E77EAB /* DurModel.m */; };
/* End PBXBuildFile section */

/* Begin PBXFileReference section */
		4C7A88421C85673E00E77EAB /* ScaleLoading.app */ = {isa = PBXFileReference; explicitFileType = wrapper.application; includeInIndex = 0; path = ScaleLoading.app; sourceTree = BUILT_PRODUCTS_DIR; };
		4C7A88461C85673E00E77EAB /* main.m */ = {isa = PBXFileReference; lastKnownFileType = sourcecode.c.objc; path = main.m; sourceTree = "<group>"; };
		4C7A88481C85673E00E77EAB /* AppDelegate.h */ = {isa = PBXFileReference; lastKnownFileType = sourcecode.c.h; path = AppDelegate.h; sourceTree = "<group>"; };
		4C7A88491C85673E00E77EAB /* AppDelegate.m */ = {isa = PBXFileReference; lastKnownFileType = sourcecode.c.objc; path = AppDelegate.m; sourceTree = "<group>"; };
		4C7A884B1C85673E00E77EAB /* ViewController.h */ = {isa = PBXFileReference; lastKnownFileType = sourcecode.c.h; path = ViewController.h; sourceTree = "<group>"; };
		4C7A884C1C85673E00E77EAB /* ViewController.m */ = {isa = PBXFileReference; lastKnownFileType = sourcecode.c.objc; path = ViewController.m; sourceTree = "<group>"; };
		4C7A884F1C85673E00E77EAB /* Base */ = {isa = PBXFileReference; lastKnownFileType = file.storyboard; name = Base; path = Base.lproj/Main.storyboard; sourceTree = "<group>"; };
		4C7A88511C85673E00E77EAB /* Assets.xcassets */ = {isa = PBXFileReference; lastKnownFileType = folder.assetcatalog; path = Assets.xcassets; sourceTree = "<group>"; };
		4C7A88541C85673E00E77EAB /* Base */ = {isa = PBXFileReference; lastKnownFileType = file.storyboard; name = Base; path = Base.lproj/LaunchScreen.storyboard; sourceTree = "<group>"; };
		4C7A88561C85673E00E77EAB /* Info.plist */ = {isa = PBXFileReference; lastKnownFileType = text.plist.xml; path = Info.plist; sourceTree = "<group>"; };
		4C7A885C1C85678500E77EAB /* ScaleLoadingView.h */ = {isa = PBXFileReference; fileEncoding = 4; lastKnownFileType = sourcecode.c.h; path = ScaleLoadingView.h; sourceTree = "<group>"; };
		4C7A885D1C85678500E77EAB /* ScaleLoadingView.m */ = {isa = PBXFileReference; fileEncoding = 4; lastKnownFileType = sourcecode.c.objc; path = ScaleLoadingView.m; sourceTree = "<group>"; };
		4C7A885F1C8567A000E77EAB /* CustomShapeLayer.h */ = {isa = PBXFileReference; fileEncoding = 4; lastKnownFileType = sourcecode.c.h; path = CustomShapeLayer.h; sourceTree = "<group>"; };
		4C7A88601C8567A000E77EAB /* CustomShapeLayer.m */ = {isa = PBXFileReference; fileEncoding = 4; lastKnownFileType = sourcecode.c.objc; path = CustomShapeLayer.m; sourceTree = "<group>"; };
		4C7A88621C85701C00E77EAB /* DurModel.h */ = {isa = PBXFileReference; fileEncoding = 4; lastKnownFileType = sourcecode.c.h; path = DurModel.h; sourceTree = "<group>"; };
		4C7A88631C85701C00E77EAB /* DurModel.m */ = {isa = PBXFileReference; fileEncoding = 4; lastKnownFileType = sourcecode.c.objc; path = DurModel.m; sourceTree = "<group>"; };
/* End PBXFileReference section */

/* Begin PBXFrameworksBuildPhase section */
		4C7A883F1C85673E00E77EAB /* Frameworks */ = {
			isa = PBXFrameworksBuildPhase;
			buildActionMask = 2147483647;
			files = (
			);
			runOnlyForDeploymentPostprocessing = 0;
		};
/* End PBXFrameworksBuildPhase section */

/* Begin PBXGroup section */
		4C7A88391C85673E00E77EAB = {
			isa = PBXGroup;
			children = (
				4C7A88441C85673E00E77EAB /* ScaleLoading */,
				4C7A88431C85673E00E77EAB /* Products */,
			);
			sourceTree = "<group>";
		};
		4C7A88431C85673E00E77EAB /* Products */ = {
			isa = PBXGroup;
			children = (
				4C7A88421C85673E00E77EAB /* ScaleLoading.app */,
			);
			name = Products;
			sourceTree = "<group>";
		};
		4C7A88441C85673E00E77EAB /* ScaleLoading */ = {
			isa = PBXGroup;
			children = (
				4C7A88481C85673E00E77EAB /* AppDelegate.h */,
				4C7A88491C85673E00E77EAB /* AppDelegate.m */,
				4C7A884B1C85673E00E77EAB /* ViewController.h */,
				4C7A884C1C85673E00E77EAB /* ViewController.m */,
				4C7A885C1C85678500E77EAB /* ScaleLoadingView.h */,
				4C7A885D1C85678500E77EAB /* ScaleLoadingView.m */,
				4C7A885F1C8567A000E77EAB /* CustomShapeLayer.h */,
				4C7A88601C8567A000E77EAB /* CustomShapeLayer.m */,
				4C7A88621C85701C00E77EAB /* DurModel.h */,
				4C7A88631C85701C00E77EAB /* DurModel.m */,
				4C7A884E1C85673E00E77EAB /* Main.storyboard */,
				4C7A88511C85673E00E77EAB /* Assets.xcassets */,
				4C7A88531C85673E00E77EAB /* LaunchScreen.storyboard */,
				4C7A88561C85673E00E77EAB /* Info.plist */,
				4C7A88451C85673E00E77EAB /* Supporting Files */,
			);
			path = ScaleLoading;
			sourceTree = "<group>";
		};
		4C7A88451C85673E00E77EAB /* Supporting Files */ = {
			isa = PBXGroup;
			children = (
				4C7A88461C85673E00E77EAB /* main.m */,
			);
			name = "Supporting Files";
			sourceTree = "<group>";
		};
/* End PBXGroup section */

/* Begin PBXNativeTarget section */
		4C7A88411C85673E00E77EAB /* ScaleLoading */ = {
			isa = PBXNativeTarget;
			buildConfigurationList = 4C7A88591C85673E00E77EAB /* Build configuration list for PBXNativeTarget "ScaleLoading" */;
			buildPhases = (
				4C7A883E1C85673E00E77EAB /* Sources */,
				4C7A883F1C85673E00E77EAB /* Frameworks */,
				4C7A88401C85673E00E77EAB /* Resources */,
			);
			buildRules = (
			);
			dependencies = (
			);
			name = ScaleLoading;
			productName = ScaleLoading;
			productReference = 4C7A88421C85673E00E77EAB /* ScaleLoading.app */;
			productType = "com.apple.product-type.application";
		};
/* End PBXNativeTarget section */

/* Begin PBXProject section */
		4C7A883A1C85673E00E77EAB /* Project object */ = {
			isa = PBXProject;
			attributes = {
				LastUpgradeCheck = 0720;
				ORGANIZATIONNAME = wanglidan;
				TargetAttributes = {
					4C7A88411C85673E00E77EAB = {
						CreatedOnToolsVersion = 7.2;
					};
				};
			};
			buildConfigurationList = 4C7A883D1C85673E00E77EAB /* Build configuration list for PBXProject "ScaleLoading" */;
			compatibilityVersion = "Xcode 3.2";
			developmentRegion = English;
			hasScannedForEncodings = 0;
			knownRegions = (
				en,
				Base,
			);
			mainGroup = 4C7A88391C85673E00E77EAB;
			productRefGroup = 4C7A88431C85673E00E77EAB /* Products */;
			projectDirPath = "";
			projectRoot = "";
			targets = (
				4C7A88411C85673E00E77EAB /* ScaleLoading */,
			);
		};
/* End PBXProject section */

/* Begin PBXResourcesBuildPhase section */
		4C7A88401C85673E00E77EAB /* Resources */ = {
			isa = PBXResourcesBuildPhase;
			buildActionMask = 2147483647;
			files = (
				4C7A88551C85673E00E77EAB /* LaunchScreen.storyboard in Resources */,
				4C7A88521C85673E00E77EAB /* Assets.xcassets in Resources */,
				4C7A88501C85673E00E77EAB /* Main.storyboard in Resources */,
			);
			runOnlyForDeploymentPostprocessing = 0;
		};
/* End PBXResourcesBuildPhase section */

/* Begin PBXSourcesBuildPhase section */
		4C7A883E1C85673E00E77EAB /* Sources */ = {
			isa = PBXSourcesBuildPhase;
			buildActionMask = 2147483647;
			files = (
				4C7A884D1C85673E00E77EAB /* ViewController.m in Sources */,
				4C7A884A1C85673E00E77EAB /* AppDelegate.m in Sources */,
				4C7A88611C8567A000E77EAB /* CustomShapeLayer.m in Sources */,
				4C7A885E1C85678500E77EAB /* ScaleLoadingView.m in Sources */,
				4C7A88471C85673E00E77EAB /* main.m in Sources */,
				4C7A88641C85701C00E77EAB /* DurModel.m in Sources */,
			);
			runOnlyForDeploymentPostprocessing = 0;
		};
/* End PBXSourcesBuildPhase section */

/* Begin PBXVariantGroup section */
		4C7A884E1C85673E00E77EAB /* Main.storyboard */ = {
			isa = PBXVariantGroup;
			children = (
				4C7A884F1C85673E00E77EAB /* Base */,
			);
			name = Main.storyboard;
			sourceTree = "<group>";
		};
		4C7A88531C85673E00E77EAB /* LaunchScreen.storyboard */ = {
			isa = PBXVariantGroup;
			children = (
				4C7A88541C85673E00E77EAB /* Base */,
			);
			name = LaunchScreen.storyboard;
			sourceTree = "<group>";
		};
/* End PBXVariantGroup section */

/* Begin XCBuildConfiguration section */
		4C7A88571C85673E00E77EAB /* Debug */ = {
			isa = XCBuildConfiguration;
			buildSettings = {
				ALWAYS_SEARCH_USER_PATHS = NO;
				CLANG_CXX_LANGUAGE_STANDARD = "gnu++0x";
				CLANG_CXX_LIBRARY = "libc++";
				CLANG_ENABLE_MODULES = YES;
				CLANG_ENABLE_OBJC_ARC = YES;
				CLANG_WARN_BOOL_CONVERSION = YES;
				CLANG_WARN_CONSTANT_CONVERSION = YES;
				CLANG_WARN_DIRECT_OBJC_ISA_USAGE = YES_ERROR;
				CLANG_WARN_EMPTY_BODY = YES;
				CLANG_WARN_ENUM_CONVERSION = YES;
				CLANG_WARN_INT_CONVERSION = YES;
				CLANG_WARN_OBJC_ROOT_CLASS = YES_ERROR;
				CLANG_WARN_UNREACHABLE_CODE = YES;
				CLANG_WARN__DUPLICATE_METHOD_MATCH = YES;
				"CODE_SIGN_IDENTITY[sdk=iphoneos*]" = "iPhone Developer";
				COPY_PHASE_STRIP = NO;
				DEBUG_INFORMATION_FORMAT = dwarf;
				ENABLE_STRICT_OBJC_MSGSEND = YES;
				ENABLE_TESTABILITY = YES;
				GCC_C_LANGUAGE_STANDARD = gnu99;
				GCC_DYNAMIC_NO_PIC = NO;
				GCC_NO_COMMON_BLOCKS = YES;
				GCC_OPTIMIZATION_LEVEL = 0;
				GCC_PREPROCESSOR_DEFINITIONS = (
					"DEBUG=1",
					"$(inherited)",
				);
				GCC_WARN_64_TO_32_BIT_CONVERSION = YES;
				GCC_WARN_ABOUT_RETURN_TYPE = YES_ERROR;
				GCC_WARN_UNDECLARED_SELECTOR = YES;
				GCC_WARN_UNINITIALIZED_AUTOS = YES_AGGRESSIVE;
				GCC_WARN_UNUSED_FUNCTION = YES;
				GCC_WARN_UNUSED_VARIABLE = YES;
				IPHONEOS_DEPLOYMENT_TARGET = 9.2;
				MTL_ENABLE_DEBUG_INFO = YES;
				ONLY_ACTIVE_ARCH = YES;
				SDKROOT = iphoneos;
				TARGETED_DEVICE_FAMILY = "1,2";
			};
			name = Debug;
		};
		4C7A88581C85673E00E77EAB /* Release */ = {
			isa = XCBuildConfiguration;
			buildSettings = {
				ALWAYS_SEARCH_USER_PATHS = NO;
				CLANG_CXX_LANGUAGE_STANDARD = "gnu++0x";
				CLANG_CXX_LIBRARY = "libc++";
				CLANG_ENABLE_MODULES = YES;
				CLANG_ENABLE_OBJC_ARC = YES;
				CLANG_WARN_BOOL_CONVERSION = YES;
				CLANG_WARN_CONSTANT_CONVERSION = YES;
				CLANG_WARN_DIRECT_OBJC_ISA_USAGE = YES_ERROR;
				CLANG_WARN_EMPTY_BODY = YES;
				CLANG_WARN_ENUM_CONVERSION = YES;
				CLANG_WARN_INT_CONVERSION = YES;
				CLANG_WARN_OBJC_ROOT_CLASS = YES_ERROR;
				CLANG_WARN_UNREACHABLE_CODE = YES;
				CLANG_WARN__DUPLICATE_METHOD_MATCH = YES;
				"CODE_SIGN_IDENTITY[sdk=iphoneos*]" = "iPhone Developer";
				COPY_PHASE_STRIP = NO;
				DEBUG_INFORMATION_FORMAT = "dwarf-with-dsym";
				ENABLE_NS_ASSERTIONS = NO;
				ENABLE_STRICT_OBJC_MSGSEND = YES;
				GCC_C_LANGUAGE_STANDARD = gnu99;
				GCC_NO_COMMON_BLOCKS = YES;
				GCC_WARN_64_TO_32_BIT_CONVERSION = YES;
				GCC_WARN_ABOUT_RETURN_TYPE = YES_ERROR;
				GCC_WARN_UNDECLARED_SELECTOR = YES;
				GCC_WARN_UNINITIALIZED_AUTOS = YES_AGGRESSIVE;
				GCC_WARN_UNUSED_FUNCTION = YES;
				GCC_WARN_UNUSED_VARIABLE = YES;
				IPHONEOS_DEPLOYMENT_TARGET = 9.2;
				MTL_ENABLE_DEBUG_INFO = NO;
				SDKROOT = iphoneos;
				TARGETED_DEVICE_FAMILY = "1,2";
				VALIDATE_PRODUCT = YES;
			};
			name = Release;
		};
		4C7A885A1C85673E00E77EAB /* Debug */ = {
			isa = XCBuildConfiguration;
			buildSettings = {
				ASSETCATALOG_COMPILER_APPICON_NAME = AppIcon;
				INFOPLIST_FILE = ScaleLoading/Info.plist;
				LD_RUNPATH_SEARCH_PATHS = "$(inherited) @executable_path/Frameworks";
				PRODUCT_BUNDLE_IDENTIFIER = ff.ScaleLoading;
				PRODUCT_NAME = "$(TARGET_NAME)";
			};
			name = Debug;
		};
		4C7A885B1C85673E00E77EAB /* Release */ = {
			isa = XCBuildConfiguration;
			buildSettings = {
				ASSETCATALOG_COMPILER_APPICON_NAME = AppIcon;
				INFOPLIST_FILE = ScaleLoading/Info.plist;
				LD_RUNPATH_SEARCH_PATHS = "$(inherited) @executable_path/Frameworks";
				PRODUCT_BUNDLE_IDENTIFIER = ff.ScaleLoading;
				PRODUCT_NAME = "$(TARGET_NAME)";
			};
			name = Release;
		};
/* End XCBuildConfiguration section */

/* Begin XCConfigurationList section */
		4C7A883D1C85673E00E77EAB /* Build configuration list for PBXProject "ScaleLoading" */ = {
			isa = XCConfigurationList;
			buildConfigurations = (
				4C7A88571C85673E00E77EAB /* Debug */,
				4C7A88581C85673E00E77EAB /* Release */,
			);
			defaultConfigurationIsVisible = 0;
			defaultConfigurationName = Release;
		};
		4C7A88591C85673E00E77EAB /* Build configuration list for PBXNativeTarget "ScaleLoading" */ = {
			isa = XCConfigurationList;
			buildConfigurations = (
				4C7A885A1C85673E00E77EAB /* Debug */,
				4C7A885B1C85673E00E77EAB /* Release */,
			);
			defaultConfigurationIsVisible = 0;
		};
/* End XCConfigurationList section */
	};
	rootObject = 4C7A883A1C85673E00E77EAB /* Project object */;
}
